
Microsoft Visual Studio Solution File, Format Version 12.00
# Visual Studio 15
VisualStudioVersion = 15.0.26124.0
MinimumVisualStudioVersion = 15.0.26124.0
Project("{FAE04EC0-301F-11D3-BF4B-00C04F79EFBC}") = "IdentityServer", "IdentityServer\IdentityServer.csproj", "{16BA7AC4-2791-4F3D-B80F-9E0D99516F3E}"
EndProject
Project("{FAE04EC0-301F-11D3-BF4B-00C04F79EFBC}") = "Api", "Api\Api.csproj", "{737E8A7E-D839-4783-8120-5C6AEBE1597C}"
EndProject
Project("{FAE04EC0-301F-11D3-BF4B-00C04F79EFBC}") = "Client", "Client\Client.csproj", "{E63EE2B9-A5BD-490C-89FA-E297E3AC3040}"
EndProject
Project("{FAE04EC0-301F-11D3-BF4B-00C04F79EFBC}") = "MvcClient", "MvcClient\MvcClient.csproj", "{E0DBC663-757A-4977-9803-D42086E58612}"
EndProject
Global
	GlobalSection(SolutionConfigurationPlatforms) = preSolution
		Debug|Any CPU = Debug|Any CPU
		Debug|x64 = Debug|x64
		Debug|x86 = Debug|x86
		Release|Any CPU = Release|Any CPU
		Release|x64 = Release|x64
		Release|x86 = Release|x86
	EndGlobalSection
	GlobalSection(SolutionProperties) = preSolution
		HideSolutionNode = FALSE
	EndGlobalSection
	GlobalSection(ProjectConfigurationPlatforms) = postSolution
		{16BA7AC4-2791-4F3D-B80F-9E0D99516F3E}.Debug|Any CPU.ActiveCfg = Debug|Any CPU
		{16BA7AC4-2791-4F3D-B80F-9E0D99516F3E}.Debug|Any CPU.Build.0 = Debug|Any CPU
		{16BA7AC4-2791-4F3D-B80F-9E0D99516F3E}.Debug|x64.ActiveCfg = Debug|Any CPU
		{16BA7AC4-2791-4F3D-B80F-9E0D99516F3E}.Debug|x64.Build.0 = Debug|Any CPU
		{16BA7AC4-2791-4F3D-B80F-9E0D99516F3E}.Debug|x86.ActiveCfg = Debug|Any CPU
		{16BA7AC4-2791-4F3D-B80F-9E0D99516F3E}.Debug|x86.Build.0 = Debug|Any CPU
		{16BA7AC4-2791-4F3D-B80F-9E0D99516F3E}.Release|Any CPU.ActiveCfg = Release|Any CPU
		{16BA7AC4-2791-4F3D-B80F-9E0D99516F3E}.Release|Any CPU.Build.0 = Release|Any CPU
		{16BA7AC4-2791-4F3D-B80F-9E0D99516F3E}.Release|x64.ActiveCfg = Release|Any CPU
		{16BA7AC4-2791-4F3D-B80F-9E0D99516F3E}.Release|x64.Build.0 = Release|Any CPU
		{16BA7AC4-2791-4F3D-B80F-9E0D99516F3E}.Release|x86.ActiveCfg = Release|Any CPU
		{16BA7AC4-2791-4F3D-B80F-9E0D99516F3E}.Release|x86.Build.0 = Release|Any CPU
		{737E8A7E-D839-4783-8120-5C6AEBE1597C}.Debug|Any CPU.ActiveCfg = Debug|Any CPU
		{737E8A7E-D839-4783-8120-5C6AEBE1597C}.Debug|Any CPU.Build.0 = Debug|Any CPU
		{737E8A7E-D839-4783-8120-5C6AEBE1597C}.Debug|x64.ActiveCfg = Debug|Any CPU
		{737E8A7E-D839-4783-8120-5C6AEBE1597C}.Debug|x64.Build.0 = Debug|Any CPU
		{737E8A7E-D839-4783-8120-5C6AEBE1597C}.Debug|x86.ActiveCfg = Debug|Any CPU
		{737E8A7E-D839-4783-8120-5C6AEBE1597C}.Debug|x86.Build.0 = Debug|Any CPU
		{737E8A7E-D839-4783-8120-5C6AEBE1597C}.Release|Any CPU.ActiveCfg = Release|Any CPU
		{737E8A7E-D839-4783-8120-5C6AEBE1597C}.Release|Any CPU.Build.0 = Release|Any CPU
		{737E8A7E-D839-4783-8120-5C6AEBE1597C}.Release|x64.ActiveCfg = Release|Any CPU
		{737E8A7E-D839-4783-8120-5C6AEBE1597C}.Release|x64.Build.0 = Release|Any CPU
		{737E8A7E-D839-4783-8120-5C6AEBE1597C}.Release|x86.ActiveCfg = Release|Any CPU
		{737E8A7E-D839-4783-8120-5C6AEBE1597C}.Release|x86.Build.0 = Release|Any CPU
		{E63EE2B9-A5BD-490C-89FA-E297E3AC3040}.Debug|Any CPU.ActiveCfg = Debug|Any CPU
		{E63EE2B9-A5BD-490C-89FA-E297E3AC3040}.Debug|Any CPU.Build.0 = Debug|Any CPU
		{E63EE2B9-A5BD-490C-89FA-E297E3AC3040}.Debug|x64.ActiveCfg = Debug|Any CPU
		{E63EE2B9-A5BD-490C-89FA-E297E3AC3040}.Debug|x64.Build.0 = Debug|Any CPU
		{E63EE2B9-A5BD-490C-89FA-E297E3AC3040}.Debug|x86.ActiveCfg = Debug|Any CPU
		{E63EE2B9-A5BD-490C-89FA-E297E3AC3040}.Debug|x86.Build.0 = Debug|Any CPU
		{E63EE2B9-A5BD-490C-89FA-E297E3AC3040}.Release|Any CPU.ActiveCfg = Release|Any CPU
		{E63EE2B9-A5BD-490C-89FA-E297E3AC3040}.Release|Any CPU.Build.0 = Release|Any CPU
		{E63EE2B9-A5BD-490C-89FA-E297E3AC3040}.Release|x64.ActiveCfg = Release|Any CPU
		{E63EE2B9-A5BD-490C-89FA-E297E3AC3040}.Release|x64.Build.0 = Release|Any CPU
		{E63EE2B9-A5BD-490C-89FA-E297E3AC3040}.Release|x86.ActiveCfg = Release|Any CPU
		{E63EE2B9-A5BD-490C-89FA-E297E3AC3040}.Release|x86.Build.0 = Release|Any CPU
		{E0DBC663-757A-4977-9803-D42086E58612}.Debug|Any CPU.ActiveCfg = Debug|Any CPU
		{E0DBC663-757A-4977-9803-D42086E58612}.Debug|Any CPU.Build.0 = Debug|Any CPU
		{E0DBC663-757A-4977-9803-D42086E58612}.Debug|x64.ActiveCfg = Debug|Any CPU
		{E0DBC663-757A-4977-9803-D42086E58612}.Debug|x64.Build.0 = Debug|Any CPU
		{E0DBC663-757A-4977-9803-D42086E58612}.Debug|x86.ActiveCfg = Debug|Any CPU
		{E0DBC663-757A-4977-9803-D42086E58612}.Debug|x86.Build.0 = Debug|Any CPU
		{E0DBC663-757A-4977-9803-D42086E58612}.Release|Any CPU.ActiveCfg = Release|Any CPU
		{E0DBC663-757A-4977-9803-D42086E58612}.Release|Any CPU.Build.0 = Release|Any CPU
		{E0DBC663-757A-4977-9803-D42086E58612}.Release|x64.ActiveCfg = Release|Any CPU
		{E0DBC663-757A-4977-9803-D42086E58612}.Release|x64.Build.0 = Release|Any CPU
		{E0DBC663-757A-4977-9803-D42086E58612}.Release|x86.ActiveCfg = Release|Any CPU
		{E0DBC663-757A-4977-9803-D42086E58612}.Release|x86.Build.0 = Release|Any CPU
	EndGlobalSection
EndGlobal
